// !$*UTF8*$!
{
	archiveVersion = 1;
	classes = {
	};
	objectVersion = 56;
	objects = {

/* Begin PBXBuildFile section */
		7131B8502A24C7B3003556FB /* Pitches.swift in Sources */ = {isa = PBXBuildFile; fileRef = 7131B84F2A24C7B3003556FB /* Pitches.swift */; };
		71C0CFD92A25EB0F00A61DEE /* AudioFileView.swift in Sources */ = {isa = PBXBuildFile; fileRef = 71C0CFD62A25EB0F00A61DEE /* AudioFileView.swift */; };
		71C0CFE62A25EB1800A61DEE /* AudioSpace.swift in Sources */ = {isa = PBXBuildFile; fileRef = 71C0CFDD2A25EB1800A61DEE /* AudioSpace.swift */; };
		71C0CFE72A25EB1800A61DEE /* Vector2.swift in Sources */ = {isa = PBXBuildFile; fileRef = 71C0CFDE2A25EB1800A61DEE /* Vector2.swift */; };
		71C0CFE82A25EB1800A61DEE /* AudioSource.swift in Sources */ = {isa = PBXBuildFile; fileRef = 71C0CFDF2A25EB1800A61DEE /* AudioSource.swift */; };
		71C0CFE92A25EB1800A61DEE /* AudioSpaceNodeView.swift in Sources */ = {isa = PBXBuildFile; fileRef = 71C0CFE12A25EB1800A61DEE /* AudioSpaceNodeView.swift */; };
		71C0CFEA2A25EB1800A61DEE /* AudiosSpaceUserView.swift in Sources */ = {isa = PBXBuildFile; fileRef = 71C0CFE32A25EB1800A61DEE /* AudiosSpaceUserView.swift */; };
		71C0CFEB2A25EB1800A61DEE /* AudioSpaceView.swift in Sources */ = {isa = PBXBuildFile; fileRef = 71C0CFE42A25EB1800A61DEE /* AudioSpaceView.swift */; };
		71C0CFF12A25FF2300A61DEE /* AZGradientView.swift in Sources */ = {isa = PBXBuildFile; fileRef = 71C0CFED2A25FF2300A61DEE /* AZGradientView.swift */; };
		71C0CFF22A25FF2300A61DEE /* HexColor.swift in Sources */ = {isa = PBXBuildFile; fileRef = 71C0CFEE2A25FF2300A61DEE /* HexColor.swift */; };
		71C0CFF32A25FF2300A61DEE /* AZGradientGenerator.swift in Sources */ = {isa = PBXBuildFile; fileRef = 71C0CFEF2A25FF2300A61DEE /* AZGradientGenerator.swift */; };
		71C0CFF42A25FF2300A61DEE /* AZGradientAnimator.swift in Sources */ = {isa = PBXBuildFile; fileRef = 71C0CFF02A25FF2300A61DEE /* AZGradientAnimator.swift */; };
		71EA4BBD2A221025000EFF9D /* AppDelegate.swift in Sources */ = {isa = PBXBuildFile; fileRef = 71EA4BBC2A221025000EFF9D /* AppDelegate.swift */; };
		71EA4BBF2A221025000EFF9D /* SceneDelegate.swift in Sources */ = {isa = PBXBuildFile; fileRef = 71EA4BBE2A221025000EFF9D /* SceneDelegate.swift */; };
		71EA4BC92A221027000EFF9D /* LaunchScreen.storyboard in Resources */ = {isa = PBXBuildFile; fileRef = 71EA4BC72A221027000EFF9D /* LaunchScreen.storyboard */; };
		71EA4BD12A22106D000EFF9D /* Main.storyboard in Resources */ = {isa = PBXBuildFile; fileRef = 71EA4BD02A22106D000EFF9D /* Main.storyboard */; };
		71EA4BD52A221085000EFF9D /* Player.mp3 in Resources */ = {isa = PBXBuildFile; fileRef = 71EA4BD22A221085000EFF9D /* Player.mp3 */; };
		71EA4BD62A221085000EFF9D /* Paris.mp3 in Resources */ = {isa = PBXBuildFile; fileRef = 71EA4BD32A221085000EFF9D /* Paris.mp3 */; };
		71EA4BD72A221085000EFF9D /* mooqee.mp3 in Resources */ = {isa = PBXBuildFile; fileRef = 71EA4BD42A221085000EFF9D /* mooqee.mp3 */; };
		71EA4BD92A221099000EFF9D /* Assets.xcassets in Resources */ = {isa = PBXBuildFile; fileRef = 71EA4BD82A221099000EFF9D /* Assets.xcassets */; };
		71EA4BDB2A22137A000EFF9D /* TableViewCell.swift in Sources */ = {isa = PBXBuildFile; fileRef = 71EA4BDA2A22137A000EFF9D /* TableViewCell.swift */; };
		71EA4BE12A2218F6000EFF9D /* ViewController.swift in Sources */ = {isa = PBXBuildFile; fileRef = 71EA4BE02A2218F6000EFF9D /* ViewController.swift */; };
		71EA4BE72A221AEF000EFF9D /* Songs.swift in Sources */ = {isa = PBXBuildFile; fileRef = 71EA4BE62A221AEF000EFF9D /* Songs.swift */; };
		71EA4BE92A221B1F000EFF9D /* AudioController.swift in Sources */ = {isa = PBXBuildFile; fileRef = 71EA4BE82A221B1F000EFF9D /* AudioController.swift */; };
		8CEC2089730F408BF219C6D7 /* Pods_SpatialDJ.framework in Frameworks */ = {isa = PBXBuildFile; fileRef = FB04919308B0B848398A5FED /* Pods_SpatialDJ.framework */; };
/* End PBXBuildFile section */

/* Begin PBXFileReference section */
		7103411F2A24FC58009BF19B /* Vector2.swift */ = {isa = PBXFileReference; lastKnownFileType = sourcecode.swift; path = Vector2.swift; sourceTree = "<group>"; };
		7131B84F2A24C7B3003556FB /* Pitches.swift */ = {isa = PBXFileReference; lastKnownFileType = sourcecode.swift; path = Pitches.swift; sourceTree = "<group>"; };
		71C0CFD62A25EB0F00A61DEE /* AudioFileView.swift */ = {isa = PBXFileReference; fileEncoding = 4; lastKnownFileType = sourcecode.swift; path = AudioFileView.swift; sourceTree = "<group>"; };
		71C0CFDD2A25EB1800A61DEE /* AudioSpace.swift */ = {isa = PBXFileReference; fileEncoding = 4; lastKnownFileType = sourcecode.swift; path = AudioSpace.swift; sourceTree = "<group>"; };
		71C0CFDE2A25EB1800A61DEE /* Vector2.swift */ = {isa = PBXFileReference; fileEncoding = 4; lastKnownFileType = sourcecode.swift; path = Vector2.swift; sourceTree = "<group>"; };
		71C0CFDF2A25EB1800A61DEE /* AudioSource.swift */ = {isa = PBXFileReference; fileEncoding = 4; lastKnownFileType = sourcecode.swift; path = AudioSource.swift; sourceTree = "<group>"; };
		71C0CFE12A25EB1800A61DEE /* AudioSpaceNodeView.swift */ = {isa = PBXFileReference; fileEncoding = 4; lastKnownFileType = sourcecode.swift; path = AudioSpaceNodeView.swift; sourceTree = "<group>"; };
		71C0CFE32A25EB1800A61DEE /* AudiosSpaceUserView.swift */ = {isa = PBXFileReference; fileEncoding = 4; lastKnownFileType = sourcecode.swift; path = AudiosSpaceUserView.swift; sourceTree = "<group>"; };
		71C0CFE42A25EB1800A61DEE /* AudioSpaceView.swift */ = {isa = PBXFileReference; fileEncoding = 4; lastKnownFileType = sourcecode.swift; path = AudioSpaceView.swift; sourceTree = "<group>"; };
		71C0CFED2A25FF2300A61DEE /* AZGradientView.swift */ = {isa = PBXFileReference; fileEncoding = 4; lastKnownFileType = sourcecode.swift; path = AZGradientView.swift; sourceTree = "<group>"; };
		71C0CFEE2A25FF2300A61DEE /* HexColor.swift */ = {isa = PBXFileReference; fileEncoding = 4; lastKnownFileType = sourcecode.swift; path = HexColor.swift; sourceTree = "<group>"; };
		71C0CFEF2A25FF2300A61DEE /* AZGradientGenerator.swift */ = {isa = PBXFileReference; fileEncoding = 4; lastKnownFileType = sourcecode.swift; path = AZGradientGenerator.swift; sourceTree = "<group>"; };
		71C0CFF02A25FF2300A61DEE /* AZGradientAnimator.swift */ = {isa = PBXFileReference; fileEncoding = 4; lastKnownFileType = sourcecode.swift; path = AZGradientAnimator.swift; sourceTree = "<group>"; };
		71EA4BB92A221025000EFF9D /* SpatialDJ.app */ = {isa = PBXFileReference; explicitFileType = wrapper.application; includeInIndex = 0; path = SpatialDJ.app; sourceTree = BUILT_PRODUCTS_DIR; };
		71EA4BBC2A221025000EFF9D /* AppDelegate.swift */ = {isa = PBXFileReference; lastKnownFileType = sourcecode.swift; path = AppDelegate.swift; sourceTree = "<group>"; };
		71EA4BBE2A221025000EFF9D /* SceneDelegate.swift */ = {isa = PBXFileReference; lastKnownFileType = sourcecode.swift; path = SceneDelegate.swift; sourceTree = "<group>"; };
		71EA4BC82A221027000EFF9D /* Base */ = {isa = PBXFileReference; lastKnownFileType = file.storyboard; name = Base; path = Base.lproj/LaunchScreen.storyboard; sourceTree = "<group>"; };
		71EA4BCA2A221027000EFF9D /* Info.plist */ = {isa = PBXFileReference; lastKnownFileType = text.plist.xml; path = Info.plist; sourceTree = "<group>"; };
		71EA4BD02A22106D000EFF9D /* Main.storyboard */ = {isa = PBXFileReference; fileEncoding = 4; lastKnownFileType = file.storyboard; path = Main.storyboard; sourceTree = "<group>"; };
		71EA4BD22A221085000EFF9D /* Player.mp3 */ = {isa = PBXFileReference; lastKnownFileType = audio.mp3; path = Player.mp3; sourceTree = "<group>"; };
		71EA4BD32A221085000EFF9D /* Paris.mp3 */ = {isa = PBXFileReference; lastKnownFileType = audio.mp3; path = Paris.mp3; sourceTree = "<group>"; };
		71EA4BD42A221085000EFF9D /* mooqee.mp3 */ = {isa = PBXFileReference; lastKnownFileType = audio.mp3; path = mooqee.mp3; sourceTree = "<group>"; };
		71EA4BD82A221099000EFF9D /* Assets.xcassets */ = {isa = PBXFileReference; lastKnownFileType = folder.assetcatalog; path = Assets.xcassets; sourceTree = "<group>"; };
		71EA4BDA2A22137A000EFF9D /* TableViewCell.swift */ = {isa = PBXFileReference; lastKnownFileType = sourcecode.swift; path = TableViewCell.swift; sourceTree = "<group>"; };
		71EA4BE02A2218F6000EFF9D /* ViewController.swift */ = {isa = PBXFileReference; fileEncoding = 4; lastKnownFileType = sourcecode.swift; path = ViewController.swift; sourceTree = "<group>"; };
		71EA4BE62A221AEF000EFF9D /* Songs.swift */ = {isa = PBXFileReference; lastKnownFileType = sourcecode.swift; path = Songs.swift; sourceTree = "<group>"; };
		71EA4BE82A221B1F000EFF9D /* AudioController.swift */ = {isa = PBXFileReference; lastKnownFileType = sourcecode.swift; path = AudioController.swift; sourceTree = "<group>"; };
		8E306EF1123714F5F6096E55 /* Pods-SpatialDJ.debug.xcconfig */ = {isa = PBXFileReference; includeInIndex = 1; lastKnownFileType = text.xcconfig; name = "Pods-SpatialDJ.debug.xcconfig"; path = "Target Support Files/Pods-SpatialDJ/Pods-SpatialDJ.debug.xcconfig"; sourceTree = "<group>"; };
		EF3BB13724E38823A372B936 /* Pods-SpatialDJ.release.xcconfig */ = {isa = PBXFileReference; includeInIndex = 1; lastKnownFileType = text.xcconfig; name = "Pods-SpatialDJ.release.xcconfig"; path = "Target Support Files/Pods-SpatialDJ/Pods-SpatialDJ.release.xcconfig"; sourceTree = "<group>"; };
		FB04919308B0B848398A5FED /* Pods_SpatialDJ.framework */ = {isa = PBXFileReference; explicitFileType = wrapper.framework; includeInIndex = 0; path = Pods_SpatialDJ.framework; sourceTree = BUILT_PRODUCTS_DIR; };
/* End PBXFileReference section */

/* Begin PBXFrameworksBuildPhase section */
		71EA4BB62A221025000EFF9D /* Frameworks */ = {
			isa = PBXFrameworksBuildPhase;
			buildActionMask = 2147483647;
			files = (
				8CEC2089730F408BF219C6D7 /* Pods_SpatialDJ.framework in Frameworks */,
			);
			runOnlyForDeploymentPostprocessing = 0;
		};
/* End PBXFrameworksBuildPhase section */

/* Begin PBXGroup section */
		71C0CFD32A25EB0F00A61DEE /* View */ = {
			isa = PBXGroup;
			children = (
				71C0CFD62A25EB0F00A61DEE /* AudioFileView.swift */,
			);
			path = View;
			sourceTree = "<group>";
		};
		71C0CFDA2A25EB1800A61DEE /* AudioSpace */ = {
			isa = PBXGroup;
			children = (
				71C0CFDB2A25EB1800A61DEE /* Logic */,
				71C0CFE02A25EB1800A61DEE /* View */,
			);
			path = AudioSpace;
			sourceTree = "<group>";
		};
		71C0CFDB2A25EB1800A61DEE /* Logic */ = {
			isa = PBXGroup;
			children = (
				71C0CFDD2A25EB1800A61DEE /* AudioSpace.swift */,
				71C0CFDE2A25EB1800A61DEE /* Vector2.swift */,
				71C0CFDF2A25EB1800A61DEE /* AudioSource.swift */,
			);
			path = Logic;
			sourceTree = "<group>";
		};
		71C0CFE02A25EB1800A61DEE /* View */ = {
			isa = PBXGroup;
			children = (
				71C0CFE12A25EB1800A61DEE /* AudioSpaceNodeView.swift */,
				71C0CFE22A25EB1800A61DEE /* User */,
				71C0CFE42A25EB1800A61DEE /* AudioSpaceView.swift */,
			);
			path = View;
			sourceTree = "<group>";
		};
		71C0CFE22A25EB1800A61DEE /* User */ = {
			isa = PBXGroup;
			children = (
				71C0CFE32A25EB1800A61DEE /* AudiosSpaceUserView.swift */,
			);
			path = User;
			sourceTree = "<group>";
		};
		71C0CFEC2A25FF2300A61DEE /* Gradient */ = {
			isa = PBXGroup;
			children = (
				71C0CFED2A25FF2300A61DEE /* AZGradientView.swift */,
				71C0CFEE2A25FF2300A61DEE /* HexColor.swift */,
				71C0CFEF2A25FF2300A61DEE /* AZGradientGenerator.swift */,
				71C0CFF02A25FF2300A61DEE /* AZGradientAnimator.swift */,
			);
			path = Gradient;
			sourceTree = "<group>";
		};
		71EA4BB02A221025000EFF9D = {
			isa = PBXGroup;
			children = (
				71C0CFEC2A25FF2300A61DEE /* Gradient */,
				71EA4BBB2A221025000EFF9D /* SpatialDJ */,
				71EA4BBA2A221025000EFF9D /* Products */,
				78C5D29B9D7595C8ADD03428 /* Pods */,
				F6D6DA17BC863C3A7E6F990B /* Frameworks */,
			);
			sourceTree = "<group>";
		};
		71EA4BBA2A221025000EFF9D /* Products */ = {
			isa = PBXGroup;
			children = (
				71EA4BB92A221025000EFF9D /* SpatialDJ.app */,
			);
			name = Products;
			sourceTree = "<group>";
		};
		71EA4BBB2A221025000EFF9D /* SpatialDJ */ = {
			isa = PBXGroup;
			children = (
				71C0CFDA2A25EB1800A61DEE /* AudioSpace */,
				71C0CFD32A25EB0F00A61DEE /* View */,
				71EA4BD42A221085000EFF9D /* mooqee.mp3 */,
				71EA4BD32A221085000EFF9D /* Paris.mp3 */,
				71EA4BD22A221085000EFF9D /* Player.mp3 */,
				71EA4BBC2A221025000EFF9D /* AppDelegate.swift */,
				7103411F2A24FC58009BF19B /* Vector2.swift */,
				71EA4BBE2A221025000EFF9D /* SceneDelegate.swift */,
				71EA4BC72A221027000EFF9D /* LaunchScreen.storyboard */,
				71EA4BCA2A221027000EFF9D /* Info.plist */,
				71EA4BD02A22106D000EFF9D /* Main.storyboard */,
				71EA4BDA2A22137A000EFF9D /* TableViewCell.swift */,
				71EA4BE02A2218F6000EFF9D /* ViewController.swift */,
				7131B84F2A24C7B3003556FB /* Pitches.swift */,
				71EA4BE62A221AEF000EFF9D /* Songs.swift */,
				71EA4BE82A221B1F000EFF9D /* AudioController.swift */,
				71EA4BD82A221099000EFF9D /* Assets.xcassets */,
			);
			path = SpatialDJ;
			sourceTree = "<group>";
		};
		78C5D29B9D7595C8ADD03428 /* Pods */ = {
			isa = PBXGroup;
			children = (
				8E306EF1123714F5F6096E55 /* Pods-SpatialDJ.debug.xcconfig */,
				EF3BB13724E38823A372B936 /* Pods-SpatialDJ.release.xcconfig */,
			);
			path = Pods;
			sourceTree = "<group>";
		};
		F6D6DA17BC863C3A7E6F990B /* Frameworks */ = {
			isa = PBXGroup;
			children = (
				FB04919308B0B848398A5FED /* Pods_SpatialDJ.framework */,
			);
			name = Frameworks;
			sourceTree = "<group>";
		};
/* End PBXGroup section */

/* Begin PBXNativeTarget section */
		71EA4BB82A221025000EFF9D /* SpatialDJ */ = {
			isa = PBXNativeTarget;
			buildConfigurationList = 71EA4BCD2A221027000EFF9D /* Build configuration list for PBXNativeTarget "SpatialDJ" */;
			buildPhases = (
				E003271BD63BDABDF44E32A3 /* [CP] Check Pods Manifest.lock */,
				71EA4BB52A221025000EFF9D /* Sources */,
				71EA4BB62A221025000EFF9D /* Frameworks */,
				71EA4BB72A221025000EFF9D /* Resources */,
				3F4FC66750F3152A5CD8CF98 /* [CP] Embed Pods Frameworks */,
			);
			buildRules = (
			);
			dependencies = (
			);
			name = SpatialDJ;
			productName = SpatialDJ;
			productReference = 71EA4BB92A221025000EFF9D /* SpatialDJ.app */;
			productType = "com.apple.product-type.application";
		};
/* End PBXNativeTarget section */

/* Begin PBXProject section */
		71EA4BB12A221025000EFF9D /* Project object */ = {
			isa = PBXProject;
			attributes = {
				BuildIndependentTargetsInParallel = 1;
				LastSwiftUpdateCheck = 1430;
				LastUpgradeCheck = 1430;
				TargetAttributes = {
					71EA4BB82A221025000EFF9D = {
						CreatedOnToolsVersion = 14.3;
					};
				};
			};
			buildConfigurationList = 71EA4BB42A221025000EFF9D /* Build configuration list for PBXProject "SpatialDJ" */;
			compatibilityVersion = "Xcode 14.0";
			developmentRegion = en;
			hasScannedForEncodings = 0;
			knownRegions = (
				en,
				Base,
			);
			mainGroup = 71EA4BB02A221025000EFF9D;
			productRefGroup = 71EA4BBA2A221025000EFF9D /* Products */;
			projectDirPath = "";
			projectRoot = "";
			targets = (
				71EA4BB82A221025000EFF9D /* SpatialDJ */,
			);
		};
/* End PBXProject section */

/* Begin PBXResourcesBuildPhase section */
		71EA4BB72A221025000EFF9D /* Resources */ = {
			isa = PBXResourcesBuildPhase;
			buildActionMask = 2147483647;
			files = (
				71EA4BD12A22106D000EFF9D /* Main.storyboard in Resources */,
				71EA4BD62A221085000EFF9D /* Paris.mp3 in Resources */,
				71EA4BD72A221085000EFF9D /* mooqee.mp3 in Resources */,
				71EA4BD52A221085000EFF9D /* Player.mp3 in Resources */,
				71EA4BD92A221099000EFF9D /* Assets.xcassets in Resources */,
				71EA4BC92A221027000EFF9D /* LaunchScreen.storyboard in Resources */,
			);
			runOnlyForDeploymentPostprocessing = 0;
		};
/* End PBXResourcesBuildPhase section */

/* Begin PBXShellScriptBuildPhase section */
		3F4FC66750F3152A5CD8CF98 /* [CP] Embed Pods Frameworks */ = {
			isa = PBXShellScriptBuildPhase;
			buildActionMask = 2147483647;
			files = (
			);
			inputFileListPaths = (
				"${PODS_ROOT}/Target Support Files/Pods-SpatialDJ/Pods-SpatialDJ-frameworks-${CONFIGURATION}-input-files.xcfilelist",
			);
			name = "[CP] Embed Pods Frameworks";
			outputFileListPaths = (
				"${PODS_ROOT}/Target Support Files/Pods-SpatialDJ/Pods-SpatialDJ-frameworks-${CONFIGURATION}-output-files.xcfilelist",
			);
			runOnlyForDeploymentPostprocessing = 0;
			shellPath = /bin/sh;
			shellScript = "\"${PODS_ROOT}/Target Support Files/Pods-SpatialDJ/Pods-SpatialDJ-frameworks.sh\"\n";
			showEnvVarsInLog = 0;
		};
		E003271BD63BDABDF44E32A3 /* [CP] Check Pods Manifest.lock */ = {
			isa = PBXShellScriptBuildPhase;
			buildActionMask = 2147483647;
			files = (
			);
			inputFileListPaths = (
			);
			inputPaths = (
				"${PODS_PODFILE_DIR_PATH}/Podfile.lock",
				"${PODS_ROOT}/Manifest.lock",
			);
			name = "[CP] Check Pods Manifest.lock";
			outputFileListPaths = (
			);
			outputPaths = (
				"$(DERIVED_FILE_DIR)/Pods-SpatialDJ-checkManifestLockResult.txt",
			);
			runOnlyForDeploymentPostprocessing = 0;
			shellPath = /bin/sh;
			shellScript = "diff \"${PODS_PODFILE_DIR_PATH}/Podfile.lock\" \"${PODS_ROOT}/Manifest.lock\" > /dev/null\nif [ $? != 0 ] ; then\n    # print error to STDERR\n    echo \"error: The sandbox is not in sync with the Podfile.lock. Run 'pod install' or update your CocoaPods installation.\" >&2\n    exit 1\nfi\n# This output is used by Xcode 'outputs' to avoid re-running this script phase.\necho \"SUCCESS\" > \"${SCRIPT_OUTPUT_FILE_0}\"\n";
			showEnvVarsInLog = 0;
		};
/* End PBXShellScriptBuildPhase section */

/* Begin PBXSourcesBuildPhase section */
		71EA4BB52A221025000EFF9D /* Sources */ = {
			isa = PBXSourcesBuildPhase;
			buildActionMask = 2147483647;
			files = (
				7131B8502A24C7B3003556FB /* Pitches.swift in Sources */,
				71C0CFF12A25FF2300A61DEE /* AZGradientView.swift in Sources */,
				71EA4BE92A221B1F000EFF9D /* AudioController.swift in Sources */,
				71C0CFD92A25EB0F00A61DEE /* AudioFileView.swift in Sources */,
				71C0CFE72A25EB1800A61DEE /* Vector2.swift in Sources */,
				71EA4BDB2A22137A000EFF9D /* TableViewCell.swift in Sources */,
				71EA4BBD2A221025000EFF9D /* AppDelegate.swift in Sources */,
				71EA4BE72A221AEF000EFF9D /* Songs.swift in Sources */,
				71C0CFE62A25EB1800A61DEE /* AudioSpace.swift in Sources */,
				71EA4BE12A2218F6000EFF9D /* ViewController.swift in Sources */,
				71EA4BBF2A221025000EFF9D /* SceneDelegate.swift in Sources */,
				71C0CFE92A25EB1800A61DEE /* AudioSpaceNodeView.swift in Sources */,
				71C0CFE82A25EB1800A61DEE /* AudioSource.swift in Sources */,
				71C0CFF22A25FF2300A61DEE /* HexColor.swift in Sources */,
				71C0CFEB2A25EB1800A61DEE /* AudioSpaceView.swift in Sources */,
				71C0CFEA2A25EB1800A61DEE /* AudiosSpaceUserView.swift in Sources */,
				71C0CFF32A25FF2300A61DEE /* AZGradientGenerator.swift in Sources */,
				71C0CFF42A25FF2300A61DEE /* AZGradientAnimator.swift in Sources */,
			);
			runOnlyForDeploymentPostprocessing = 0;
		};
/* End PBXSourcesBuildPhase section */

/* Begin PBXVariantGroup section */
		71EA4BC72A221027000EFF9D /* LaunchScreen.storyboard */ = {
			isa = PBXVariantGroup;
			children = (
				71EA4BC82A221027000EFF9D /* Base */,
			);
			name = LaunchScreen.storyboard;
			sourceTree = "<group>";
		};
/* End PBXVariantGroup section */

/* Begin XCBuildConfiguration section */
		71EA4BCB2A221027000EFF9D /* Debug */ = {
			isa = XCBuildConfiguration;
			buildSettings = {
				ALWAYS_SEARCH_USER_PATHS = NO;
				CLANG_ANALYZER_NONNULL = YES;
				CLANG_ANALYZER_NUMBER_OBJECT_CONVERSION = YES_AGGRESSIVE;
				CLANG_CXX_LANGUAGE_STANDARD = "gnu++20";
				CLANG_ENABLE_MODULES = YES;
				CLANG_ENABLE_OBJC_ARC = YES;
				CLANG_ENABLE_OBJC_WEAK = YES;
				CLANG_WARN_BLOCK_CAPTURE_AUTORELEASING = YES;
				CLANG_WARN_BOOL_CONVERSION = YES;
				CLANG_WARN_COMMA = YES;
				CLANG_WARN_CONSTANT_CONVERSION = YES;
				CLANG_WARN_DEPRECATED_OBJC_IMPLEMENTATIONS = YES;
				CLANG_WARN_DIRECT_OBJC_ISA_USAGE = YES_ERROR;
				CLANG_WARN_DOCUMENTATION_COMMENTS = YES;
				CLANG_WARN_EMPTY_BODY = YES;
				CLANG_WARN_ENUM_CONVERSION = YES;
				CLANG_WARN_INFINITE_RECURSION = YES;
				CLANG_WARN_INT_CONVERSION = YES;
				CLANG_WARN_NON_LITERAL_NULL_CONVERSION = YES;
				CLANG_WARN_OBJC_IMPLICIT_RETAIN_SELF = YES;
				CLANG_WARN_OBJC_LITERAL_CONVERSION = YES;
				CLANG_WARN_OBJC_ROOT_CLASS = YES_ERROR;
				CLANG_WARN_QUOTED_INCLUDE_IN_FRAMEWORK_HEADER = YES;
				CLANG_WARN_RANGE_LOOP_ANALYSIS = YES;
				CLANG_WARN_STRICT_PROTOTYPES = YES;
				CLANG_WARN_SUSPICIOUS_MOVE = YES;
				CLANG_WARN_UNGUARDED_AVAILABILITY = YES_AGGRESSIVE;
				CLANG_WARN_UNREACHABLE_CODE = YES;
				CLANG_WARN__DUPLICATE_METHOD_MATCH = YES;
				COPY_PHASE_STRIP = NO;
				DEBUG_INFORMATION_FORMAT = dwarf;
				ENABLE_STRICT_OBJC_MSGSEND = YES;
				ENABLE_TESTABILITY = YES;
				GCC_C_LANGUAGE_STANDARD = gnu11;
				GCC_DYNAMIC_NO_PIC = NO;
				GCC_NO_COMMON_BLOCKS = YES;
				GCC_OPTIMIZATION_LEVEL = 0;
				GCC_PREPROCESSOR_DEFINITIONS = (
					"DEBUG=1",
					"$(inherited)",
				);
				GCC_WARN_64_TO_32_BIT_CONVERSION = YES;
				GCC_WARN_ABOUT_RETURN_TYPE = YES_ERROR;
				GCC_WARN_UNDECLARED_SELECTOR = YES;
				GCC_WARN_UNINITIALIZED_AUTOS = YES_AGGRESSIVE;
				GCC_WARN_UNUSED_FUNCTION = YES;
				GCC_WARN_UNUSED_VARIABLE = YES;
				IPHONEOS_DEPLOYMENT_TARGET = 16.0;
				MTL_ENABLE_DEBUG_INFO = INCLUDE_SOURCE;
				MTL_FAST_MATH = YES;
				ONLY_ACTIVE_ARCH = YES;
				SDKROOT = iphoneos;
				SWIFT_ACTIVE_COMPILATION_CONDITIONS = DEBUG;
				SWIFT_OPTIMIZATION_LEVEL = "-Onone";
			};
			name = Debug;
		};
		71EA4BCC2A221027000EFF9D /* Release */ = {
			isa = XCBuildConfiguration;
			buildSettings = {
				ALWAYS_SEARCH_USER_PATHS = NO;
				CLANG_ANALYZER_NONNULL = YES;
				CLANG_ANALYZER_NUMBER_OBJECT_CONVERSION = YES_AGGRESSIVE;
				CLANG_CXX_LANGUAGE_STANDARD = "gnu++20";
				CLANG_ENABLE_MODULES = YES;
				CLANG_ENABLE_OBJC_ARC = YES;
				CLANG_ENABLE_OBJC_WEAK = YES;
				CLANG_WARN_BLOCK_CAPTURE_AUTORELEASING = YES;
				CLANG_WARN_BOOL_CONVERSION = YES;
				CLANG_WARN_COMMA = YES;
				CLANG_WARN_CONSTANT_CONVERSION = YES;
				CLANG_WARN_DEPRECATED_OBJC_IMPLEMENTATIONS = YES;
				CLANG_WARN_DIRECT_OBJC_ISA_USAGE = YES_ERROR;
				CLANG_WARN_DOCUMENTATION_COMMENTS = YES;
				CLANG_WARN_EMPTY_BODY = YES;
				CLANG_WARN_ENUM_CONVERSION = YES;
				CLANG_WARN_INFINITE_RECURSION = YES;
				CLANG_WARN_INT_CONVERSION = YES;
				CLANG_WARN_NON_LITERAL_NULL_CONVERSION = YES;
				CLANG_WARN_OBJC_IMPLICIT_RETAIN_SELF = YES;
				CLANG_WARN_OBJC_LITERAL_CONVERSION = YES;
				CLANG_WARN_OBJC_ROOT_CLASS = YES_ERROR;
				CLANG_WARN_QUOTED_INCLUDE_IN_FRAMEWORK_HEADER = YES;
				CLANG_WARN_RANGE_LOOP_ANALYSIS = YES;
				CLANG_WARN_STRICT_PROTOTYPES = YES;
				CLANG_WARN_SUSPICIOUS_MOVE = YES;
				CLANG_WARN_UNGUARDED_AVAILABILITY = YES_AGGRESSIVE;
				CLANG_WARN_UNREACHABLE_CODE = YES;
				CLANG_WARN__DUPLICATE_METHOD_MATCH = YES;
				COPY_PHASE_STRIP = NO;
				DEBUG_INFORMATION_FORMAT = "dwarf-with-dsym";
				ENABLE_NS_ASSERTIONS = NO;
				ENABLE_STRICT_OBJC_MSGSEND = YES;
				GCC_C_LANGUAGE_STANDARD = gnu11;
				GCC_NO_COMMON_BLOCKS = YES;
				GCC_WARN_64_TO_32_BIT_CONVERSION = YES;
				GCC_WARN_ABOUT_RETURN_TYPE = YES_ERROR;
				GCC_WARN_UNDECLARED_SELECTOR = YES;
				GCC_WARN_UNINITIALIZED_AUTOS = YES_AGGRESSIVE;
				GCC_WARN_UNUSED_FUNCTION = YES;
				GCC_WARN_UNUSED_VARIABLE = YES;
				IPHONEOS_DEPLOYMENT_TARGET = 16.0;
				MTL_ENABLE_DEBUG_INFO = NO;
				MTL_FAST_MATH = YES;
				SDKROOT = iphoneos;
				SWIFT_COMPILATION_MODE = wholemodule;
				SWIFT_OPTIMIZATION_LEVEL = "-O";
				VALIDATE_PRODUCT = YES;
			};
			name = Release;
		};
		71EA4BCE2A221027000EFF9D /* Debug */ = {
			isa = XCBuildConfiguration;
			baseConfigurationReference = 8E306EF1123714F5F6096E55 /* Pods-SpatialDJ.debug.xcconfig */;
			buildSettings = {
				ASSETCATALOG_COMPILER_APPICON_NAME = AppIcon;
				ASSETCATALOG_COMPILER_GLOBAL_ACCENT_COLOR_NAME = AccentColor;
				CODE_SIGN_STYLE = Automatic;
				CURRENT_PROJECT_VERSION = 1;
				DEVELOPMENT_TEAM = 3XQC945FU3;
				GENERATE_INFOPLIST_FILE = YES;
				INFOPLIST_FILE = SpatialDJ/Info.plist;
				INFOPLIST_KEY_UIApplicationSupportsIndirectInputEvents = YES;
				INFOPLIST_KEY_UILaunchStoryboardName = LaunchScreen;
				INFOPLIST_KEY_UIMainStoryboardFile = Main;
				INFOPLIST_KEY_UIRequiresFullScreen = YES;
				INFOPLIST_KEY_UISupportedInterfaceOrientations = "UIInterfaceOrientationLandscapeLeft UIInterfaceOrientationLandscapeRight UIInterfaceOrientationPortrait";
				INFOPLIST_KEY_UISupportedInterfaceOrientations_iPad = "UIInterfaceOrientationLandscapeLeft UIInterfaceOrientationLandscapeRight";
				IPHONEOS_DEPLOYMENT_TARGET = 16.0;
				LD_RUNPATH_SEARCH_PATHS = (
					"$(inherited)",
					"@executable_path/Frameworks",
				);
				MARKETING_VERSION = 1.0;
				PRODUCT_BUNDLE_IDENTIFIER = "com.gelato1kk.test-call.SpatialDJ";
				PRODUCT_NAME = "$(TARGET_NAME)";
				SUPPORTED_PLATFORMS = "iphoneos iphonesimulator";
				SUPPORTS_MACCATALYST = NO;
				SUPPORTS_MAC_DESIGNED_FOR_IPHONE_IPAD = YES;
				SWIFT_EMIT_LOC_STRINGS = YES;
				SWIFT_VERSION = 5.0;
				TARGETED_DEVICE_FAMILY = "1,2";
			};
			name = Debug;
		};
		71EA4BCF2A221027000EFF9D /* Release */ = {
			isa = XCBuildConfiguration;
			baseConfigurationReference = EF3BB13724E38823A372B936 /* Pods-SpatialDJ.release.xcconfig */;
			buildSettings = {
				ASSETCATALOG_COMPILER_APPICON_NAME = AppIcon;
				ASSETCATALOG_COMPILER_GLOBAL_ACCENT_COLOR_NAME = AccentColor;
				CODE_SIGN_STYLE = Automatic;
				CURRENT_PROJECT_VERSION = 1;
				DEVELOPMENT_TEAM = 3XQC945FU3;
				GENERATE_INFOPLIST_FILE = YES;
				INFOPLIST_FILE = SpatialDJ/Info.plist;
				INFOPLIST_KEY_UIApplicationSupportsIndirectInputEvents = YES;
				INFOPLIST_KEY_UILaunchStoryboardName = LaunchScreen;
				INFOPLIST_KEY_UIMainStoryboardFile = Main;
				INFOPLIST_KEY_UIRequiresFullScreen = YES;
				INFOPLIST_KEY_UISupportedInterfaceOrientations = "UIInterfaceOrientationLandscapeLeft UIInterfaceOrientationLandscapeRight UIInterfaceOrientationPortrait";
				INFOPLIST_KEY_UISupportedInterfaceOrientations_iPad = "UIInterfaceOrientationLandscapeLeft UIInterfaceOrientationLandscapeRight";
				IPHONEOS_DEPLOYMENT_TARGET = 16.0;
				LD_RUNPATH_SEARCH_PATHS = (
					"$(inherited)",
					"@executable_path/Frameworks",
				);
				MARKETING_VERSION = 1.0;
				PRODUCT_BUNDLE_IDENTIFIER = "com.gelato1kk.test-call.SpatialDJ";
				PRODUCT_NAME = "$(TARGET_NAME)";
				SUPPORTED_PLATFORMS = "iphoneos iphonesimulator";
				SUPPORTS_MACCATALYST = NO;
				SUPPORTS_MAC_DESIGNED_FOR_IPHONE_IPAD = YES;
				SWIFT_EMIT_LOC_STRINGS = YES;
				SWIFT_VERSION = 5.0;
				TARGETED_DEVICE_FAMILY = "1,2";
			};
			name = Release;
		};
/* End XCBuildConfiguration section */

/* Begin XCConfigurationList section */
		71EA4BB42A221025000EFF9D /* Build configuration list for PBXProject "SpatialDJ" */ = {
			isa = XCConfigurationList;
			buildConfigurations = (
				71EA4BCB2A221027000EFF9D /* Debug */,
				71EA4BCC2A221027000EFF9D /* Release */,
			);
			defaultConfigurationIsVisible = 0;
			defaultConfigurationName = Release;
		};
		71EA4BCD2A221027000EFF9D /* Build configuration list for PBXNativeTarget "SpatialDJ" */ = {
			isa = XCConfigurationList;
			buildConfigurations = (
				71EA4BCE2A221027000EFF9D /* Debug */,
				71EA4BCF2A221027000EFF9D /* Release */,
			);
			defaultConfigurationIsVisible = 0;
			defaultConfigurationName = Release;
		};
/* End XCConfigurationList section */
	};
	rootObject = 71EA4BB12A221025000EFF9D /* Project object */;
}
